
Microsoft Visual Studio Solution File, Format Version 12.00
# Visual Studio Version 18
VisualStudioVersion = 18.4.11519.219 insiders
MinimumVisualStudioVersion = 10.0.40219.1
Project("{FAE04EC0-301F-11D3-BF4B-00C04F79EFBC}") = "Horizon", "Horizon\Horizon.csproj", "{1AEA8F78-4711-4249-B5E4-2C4E1A8577E8}"
EndProject
Project("{FAE04EC0-301F-11D3-BF4B-00C04F79EFBC}") = "Horizon.Tests", "Horizon.Tests\Horizon.Tests.csproj", "{48DCEF40-8D72-4475-8F51-763AB9B3EFA4}"
EndProject
Global
	GlobalSection(SolutionConfigurationPlatforms) = preSolution
		Debug|Any CPU = Debug|Any CPU
		Debug|x64 = Debug|x64
		Debug|x86 = Debug|x86
		Release|Any CPU = Release|Any CPU
		Release|x64 = Release|x64
		Release|x86 = Release|x86
	EndGlobalSection
	GlobalSection(ProjectConfigurationPlatforms) = postSolution
		{1AEA8F78-4711-4249-B5E4-2C4E1A8577E8}.Debug|Any CPU.ActiveCfg = Debug|Any CPU
		{1AEA8F78-4711-4249-B5E4-2C4E1A8577E8}.Debug|Any CPU.Build.0 = Debug|Any CPU
		{1AEA8F78-4711-4249-B5E4-2C4E1A8577E8}.Debug|x64.ActiveCfg = Debug|Any CPU
		{1AEA8F78-4711-4249-B5E4-2C4E1A8577E8}.Debug|x64.Build.0 = Debug|Any CPU
		{1AEA8F78-4711-4249-B5E4-2C4E1A8577E8}.Debug|x86.ActiveCfg = Debug|Any CPU
		{1AEA8F78-4711-4249-B5E4-2C4E1A8577E8}.Debug|x86.Build.0 = Debug|Any CPU
		{1AEA8F78-4711-4249-B5E4-2C4E1A8577E8}.Release|Any CPU.ActiveCfg = Release|Any CPU
		{1AEA8F78-4711-4249-B5E4-2C4E1A8577E8}.Release|Any CPU.Build.0 = Release|Any CPU
		{1AEA8F78-4711-4249-B5E4-2C4E1A8577E8}.Release|x64.ActiveCfg = Release|Any CPU
		{1AEA8F78-4711-4249-B5E4-2C4E1A8577E8}.Release|x64.Build.0 = Release|Any CPU
		{1AEA8F78-4711-4249-B5E4-2C4E1A8577E8}.Release|x86.ActiveCfg = Release|Any CPU
		{1AEA8F78-4711-4249-B5E4-2C4E1A8577E8}.Release|x86.Build.0 = Release|Any CPU
		{48DCEF40-8D72-4475-8F51-763AB9B3EFA4}.Debug|Any CPU.ActiveCfg = Debug|Any CPU
		{48DCEF40-8D72-4475-8F51-763AB9B3EFA4}.Debug|Any CPU.Build.0 = Debug|Any CPU
		{48DCEF40-8D72-4475-8F51-763AB9B3EFA4}.Debug|x64.ActiveCfg = Debug|Any CPU
		{48DCEF40-8D72-4475-8F51-763AB9B3EFA4}.Debug|x64.Build.0 = Debug|Any CPU
		{48DCEF40-8D72-4475-8F51-763AB9B3EFA4}.Debug|x86.ActiveCfg = Debug|Any CPU
		{48DCEF40-8D72-4475-8F51-763AB9B3EFA4}.Debug|x86.Build.0 = Debug|Any CPU
		{48DCEF40-8D72-4475-8F51-763AB9B3EFA4}.Release|Any CPU.ActiveCfg = Release|Any CPU
		{48DCEF40-8D72-4475-8F51-763AB9B3EFA4}.Release|Any CPU.Build.0 = Release|Any CPU
		{48DCEF40-8D72-4475-8F51-763AB9B3EFA4}.Release|x64.ActiveCfg = Release|Any CPU
		{48DCEF40-8D72-4475-8F51-763AB9B3EFA4}.Release|x64.Build.0 = Release|Any CPU
		{48DCEF40-8D72-4475-8F51-763AB9B3EFA4}.Release|x86.ActiveCfg = Release|Any CPU
		{48DCEF40-8D72-4475-8F51-763AB9B3EFA4}.Release|x86.Build.0 = Release|Any CPU
	EndGlobalSection
	GlobalSection(SolutionProperties) = preSolution
		HideSolutionNode = FALSE
	EndGlobalSection
	GlobalSection(ExtensibilityGlobals) = postSolution
		SolutionGuid = {BF024612-602C-4144-BF4F-1665DA4D2F29}
	EndGlobalSection
EndGlobal
